
Microsoft Visual Studio Solution File, Format Version 12.00
# Visual Studio Version 17
VisualStudioVersion = 17.13.35919.96 d17.13
MinimumVisualStudioVersion = 10.0.40219.1
Project("{FAE04EC0-301F-11D3-BF4B-00C04F79EFBC}") = "project maentry", "project maentry\project maentry.csproj", "{B593BCE9-C184-4761-8BC2-3F2FBD0535CE}"
EndProject
Global
	GlobalSection(SolutionConfigurationPlatforms) = preSolution
		Debug|Any CPU = Debug|Any CPU
		Release|Any CPU = Release|Any CPU
	EndGlobalSection
	GlobalSection(ProjectConfigurationPlatforms) = postSolution
		{B593BCE9-C184-4761-8BC2-3F2FBD0535CE}.Debug|Any CPU.ActiveCfg = Debug|Any CPU
		{B593BCE9-C184-4761-8BC2-3F2FBD0535CE}.Debug|Any CPU.Build.0 = Debug|Any CPU
		{B593BCE9-C184-4761-8BC2-3F2FBD0535CE}.Release|Any CPU.ActiveCfg = Release|Any CPU
		{B593BCE9-C184-4761-8BC2-3F2FBD0535CE}.Release|Any CPU.Build.0 = Release|Any CPU
	EndGlobalSection
	GlobalSection(SolutionProperties) = preSolution
		HideSolutionNode = FALSE
	EndGlobalSection
	GlobalSection(ExtensibilityGlobals) = postSolution
		SolutionGuid = {E864EB7C-43F4-45B4-8A96-9483A0ADD8D4}
	EndGlobalSection
EndGlobal
